
Microsoft Visual Studio Solution File, Format Version 12.00
# Visual Studio Version 17
VisualStudioVersion = 17.14.36518.9 d17.14
MinimumVisualStudioVersion = 10.0.40219.1
Project("{2150E333-8FDC-42A3-9474-1A3956D46DE8}") = "Solution Items", "Solution Items", "{90150B24-0F40-41BB-95EF-D95F50BF06BE}"
	ProjectSection(SolutionItems) = preProject
		.gitattributes = .gitattributes
		.gitignore = .gitignore
		.gitmodules = .gitmodules
		Apache.Calcite.Data.dist.msbuildproj = Apache.Calcite.Data.dist.msbuildproj
		.github\workflows\Apache.Calcite.Data.yml = .github\workflows\Apache.Calcite.Data.yml
		Directory.Build.props = Directory.Build.props
		Directory.Build.targets = Directory.Build.targets
		GitVersion.yml = GitVersion.yml
		global.json = global.json
		icon.png = icon.png
		LICENSE.txt = LICENSE.txt
		README.md = README.md
	EndProjectSection
EndProject
Project("{FAE04EC0-301F-11D3-BF4B-00C04F79EFBC}") = "dist-tests", "src\dist-tests\dist-tests.csproj", "{7C6C49A0-4163-9D76-65CA-78087A255429}"
EndProject
Project("{FAE04EC0-301F-11D3-BF4B-00C04F79EFBC}") = "dist-nuget", "src\dist-nuget\dist-nuget.csproj", "{52D4FE86-2EB0-A77A-A7E9-A6F41ACB229F}"
EndProject
Project("{2150E333-8FDC-42A3-9474-1A3956D46DE8}") = "src", "src", "{02EA681E-C7D8-13C7-8484-4AC65E1B71E8}"
EndProject
Project("{2150E333-8FDC-42A3-9474-1A3956D46DE8}") = "dist", "dist", "{3523028E-CB46-4932-9E3A-D87BA69E2139}"
EndProject
Project("{FAE04EC0-301F-11D3-BF4B-00C04F79EFBC}") = "Apache.Calcite.Data", "src\Apache.Calcite.Data\Apache.Calcite.Data.csproj", "{9C8D9B7F-0C1A-41D7-8DE1-8CEFF387DE40}"
EndProject
Project("{FAE04EC0-301F-11D3-BF4B-00C04F79EFBC}") = "Apache.Calcite.Data.Tests", "src\Apache.Calcite.Data.Tests\Apache.Calcite.Data.Tests.csproj", "{724E3F13-A5D6-46B6-A424-06CF36626C93}"
EndProject
Project("{FAE04EC0-301F-11D3-BF4B-00C04F79EFBC}") = "Apache.Calcite.Adapter.AdoNet", "src\Apache.Calcite.Adapter.AdoNet\Apache.Calcite.Adapter.AdoNet.csproj", "{011C76C7-4E53-4D8C-8E75-59D8B1787289}"
EndProject
Project("{FAE04EC0-301F-11D3-BF4B-00C04F79EFBC}") = "Apache.Calcite.Adapter.AdoNet.Tests", "src\Apache.Calcite.Adapter.AdoNet.Tests\Apache.Calcite.Adapter.AdoNet.Tests.csproj", "{5CDA930D-E0AD-4B2C-831D-E99EA19F57C6}"
EndProject
Global
	GlobalSection(SolutionConfigurationPlatforms) = preSolution
		Debug|Any CPU = Debug|Any CPU
		Release|Any CPU = Release|Any CPU
	EndGlobalSection
	GlobalSection(ProjectConfigurationPlatforms) = postSolution
		{7C6C49A0-4163-9D76-65CA-78087A255429}.Debug|Any CPU.ActiveCfg = Debug|Any CPU
		{7C6C49A0-4163-9D76-65CA-78087A255429}.Debug|Any CPU.Build.0 = Debug|Any CPU
		{7C6C49A0-4163-9D76-65CA-78087A255429}.Release|Any CPU.ActiveCfg = Release|Any CPU
		{7C6C49A0-4163-9D76-65CA-78087A255429}.Release|Any CPU.Build.0 = Release|Any CPU
		{52D4FE86-2EB0-A77A-A7E9-A6F41ACB229F}.Debug|Any CPU.ActiveCfg = Debug|Any CPU
		{52D4FE86-2EB0-A77A-A7E9-A6F41ACB229F}.Debug|Any CPU.Build.0 = Debug|Any CPU
		{52D4FE86-2EB0-A77A-A7E9-A6F41ACB229F}.Release|Any CPU.ActiveCfg = Release|Any CPU
		{52D4FE86-2EB0-A77A-A7E9-A6F41ACB229F}.Release|Any CPU.Build.0 = Release|Any CPU
		{9C8D9B7F-0C1A-41D7-8DE1-8CEFF387DE40}.Debug|Any CPU.ActiveCfg = Debug|Any CPU
		{9C8D9B7F-0C1A-41D7-8DE1-8CEFF387DE40}.Debug|Any CPU.Build.0 = Debug|Any CPU
		{9C8D9B7F-0C1A-41D7-8DE1-8CEFF387DE40}.Release|Any CPU.ActiveCfg = Release|Any CPU
		{9C8D9B7F-0C1A-41D7-8DE1-8CEFF387DE40}.Release|Any CPU.Build.0 = Release|Any CPU
		{724E3F13-A5D6-46B6-A424-06CF36626C93}.Debug|Any CPU.ActiveCfg = Debug|Any CPU
		{724E3F13-A5D6-46B6-A424-06CF36626C93}.Debug|Any CPU.Build.0 = Debug|Any CPU
		{724E3F13-A5D6-46B6-A424-06CF36626C93}.Release|Any CPU.ActiveCfg = Release|Any CPU
		{724E3F13-A5D6-46B6-A424-06CF36626C93}.Release|Any CPU.Build.0 = Release|Any CPU
		{011C76C7-4E53-4D8C-8E75-59D8B1787289}.Debug|Any CPU.ActiveCfg = Debug|Any CPU
		{011C76C7-4E53-4D8C-8E75-59D8B1787289}.Debug|Any CPU.Build.0 = Debug|Any CPU
		{011C76C7-4E53-4D8C-8E75-59D8B1787289}.Release|Any CPU.ActiveCfg = Release|Any CPU
		{011C76C7-4E53-4D8C-8E75-59D8B1787289}.Release|Any CPU.Build.0 = Release|Any CPU
		{5CDA930D-E0AD-4B2C-831D-E99EA19F57C6}.Debug|Any CPU.ActiveCfg = Debug|Any CPU
		{5CDA930D-E0AD-4B2C-831D-E99EA19F57C6}.Debug|Any CPU.Build.0 = Debug|Any CPU
		{5CDA930D-E0AD-4B2C-831D-E99EA19F57C6}.Release|Any CPU.ActiveCfg = Release|Any CPU
		{5CDA930D-E0AD-4B2C-831D-E99EA19F57C6}.Release|Any CPU.Build.0 = Release|Any CPU
	EndGlobalSection
	GlobalSection(SolutionProperties) = preSolution
		HideSolutionNode = FALSE
	EndGlobalSection
	GlobalSection(NestedProjects) = preSolution
		{7C6C49A0-4163-9D76-65CA-78087A255429} = {3523028E-CB46-4932-9E3A-D87BA69E2139}
		{52D4FE86-2EB0-A77A-A7E9-A6F41ACB229F} = {3523028E-CB46-4932-9E3A-D87BA69E2139}
		{3523028E-CB46-4932-9E3A-D87BA69E2139} = {02EA681E-C7D8-13C7-8484-4AC65E1B71E8}
		{9C8D9B7F-0C1A-41D7-8DE1-8CEFF387DE40} = {02EA681E-C7D8-13C7-8484-4AC65E1B71E8}
		{724E3F13-A5D6-46B6-A424-06CF36626C93} = {02EA681E-C7D8-13C7-8484-4AC65E1B71E8}
		{011C76C7-4E53-4D8C-8E75-59D8B1787289} = {02EA681E-C7D8-13C7-8484-4AC65E1B71E8}
		{5CDA930D-E0AD-4B2C-831D-E99EA19F57C6} = {02EA681E-C7D8-13C7-8484-4AC65E1B71E8}
	EndGlobalSection
	GlobalSection(ExtensibilityGlobals) = postSolution
		SolutionGuid = {A03ACB78-6C3F-4E09-BAF1-16E41D5A3945}
	EndGlobalSection
EndGlobal
